%{"ehyperloglog": {:git, "https://github.com/vaxelfel/eHyperLogLog.git", "efd14f262c663cde76d8ed48007826dabe9aca41", []},
  "ejabberd": {:git, "git://github.com/processone/ejabberd.git", "87d6ad395f79d77e2c79da0382db570ae437db79", []},
  "esip": {:git, "https://github.com/processone/p1_sip", "fd3e46157cccd2bc4545db4dfd9be9b7f0e36bbb", []},
  "p1_cache_tab": {:git, "https://github.com/processone/cache_tab", "f7ea12b0ba962a3d2f9a406d2954cf7de4e27230", []},
  "p1_stringprep": {:git, "https://github.com/processone/stringprep", "3c640237a3a7831dc39de6a6d329d3a9af25c579", []},
  "p1_stun": {:git, "https://github.com/processone/stun", "a3dce0753665188c8a0b2e4f4cba62ea5f5e4bc1", []},
  "p1_tls": {:git, "https://github.com/processone/tls", "b0700041cdce3cc0653e383682156c65ed5f47db", []},
  "p1_utils": {:git, "https://github.com/processone/p1_utils", "1bf99f9c8daed3b03f76e2714ca102c520c88b26", []},
  "p1_xml": {:git, "https://github.com/processone/xml", "2c610839f89e41c3aae116d8e594da20067d4051", []},
  "p1_yaml": {:git, "https://github.com/processone/p1_yaml", "e1f081e1bbf34c35fc60c1b988d62a07fbead3e8", []}}
